
Microsoft Visual Studio Solution File, Format Version 12.00
# Visual Studio Version 16
VisualStudioVersion = 16.0.30225.117
MinimumVisualStudioVersion = 10.0.40219.1
Project("{FAE04EC0-301F-11D3-BF4B-00C04F79EFBC}") = "lab3.3Data_structures", "lab3.3Data_structures.csproj", "{68687CF0-D74E-4B3C-9286-F8471101732C}"
EndProject
Global
	GlobalSection(SolutionConfigurationPlatforms) = preSolution
		Debug|Any CPU = Debug|Any CPU
		Release|Any CPU = Release|Any CPU
	EndGlobalSection
	GlobalSection(ProjectConfigurationPlatforms) = postSolution
		{68687CF0-D74E-4B3C-9286-F8471101732C}.Debug|Any CPU.ActiveCfg = Debug|Any CPU
		{68687CF0-D74E-4B3C-9286-F8471101732C}.Debug|Any CPU.Build.0 = Debug|Any CPU
		{68687CF0-D74E-4B3C-9286-F8471101732C}.Release|Any CPU.ActiveCfg = Release|Any CPU
		{68687CF0-D74E-4B3C-9286-F8471101732C}.Release|Any CPU.Build.0 = Release|Any CPU
	EndGlobalSection
	GlobalSection(SolutionProperties) = preSolution
		HideSolutionNode = FALSE
	EndGlobalSection
	GlobalSection(ExtensibilityGlobals) = postSolution
		SolutionGuid = {729B504D-854F-44DB-9B9D-0874386087E7}
	EndGlobalSection
EndGlobal
